
Microsoft Visual Studio Solution File, Format Version 12.00
# Visual Studio Version 17
VisualStudioVersion = 17.9.34616.47
MinimumVisualStudioVersion = 10.0.40219.1
Project("{FAE04EC0-301F-11D3-BF4B-00C04F79EFBC}") = "tpmodul7_kelompok_1302223066", "tpmodul7_kelompok_1302223066\tpmodul7_kelompok_1302223066.csproj", "{48ECC129-E3CD-4A61-8B53-AC4DA614C117}"
EndProject
Global
	GlobalSection(SolutionConfigurationPlatforms) = preSolution
		Debug|Any CPU = Debug|Any CPU
		Release|Any CPU = Release|Any CPU
	EndGlobalSection
	GlobalSection(ProjectConfigurationPlatforms) = postSolution
		{48ECC129-E3CD-4A61-8B53-AC4DA614C117}.Debug|Any CPU.ActiveCfg = Debug|Any CPU
		{48ECC129-E3CD-4A61-8B53-AC4DA614C117}.Debug|Any CPU.Build.0 = Debug|Any CPU
		{48ECC129-E3CD-4A61-8B53-AC4DA614C117}.Release|Any CPU.ActiveCfg = Release|Any CPU
		{48ECC129-E3CD-4A61-8B53-AC4DA614C117}.Release|Any CPU.Build.0 = Release|Any CPU
	EndGlobalSection
	GlobalSection(SolutionProperties) = preSolution
		HideSolutionNode = FALSE
	EndGlobalSection
	GlobalSection(ExtensibilityGlobals) = postSolution
		SolutionGuid = {040716AA-23D6-4E1A-B297-C98024D524D7}
	EndGlobalSection
EndGlobal
